
Microsoft Visual Studio Solution File, Format Version 12.00
# Visual Studio 15
VisualStudioVersion = 15.0.28010.2041
MinimumVisualStudioVersion = 10.0.40219.1
Project("{9A19103F-16F7-4668-BE54-9A1E7A4F7556}") = "GIS.VU.API", "GIS.VU.API\GIS.VU.API.csproj", "{E9504741-66D9-4A60-ACFD-BA13BC7F788D}"
EndProject
Project("{9A19103F-16F7-4668-BE54-9A1E7A4F7556}") = "DTOs", "DTOs\DTOs.csproj", "{CE13D6FF-8838-4140-9E63-3F251865DB9E}"
EndProject
Project("{9A19103F-16F7-4668-BE54-9A1E7A4F7556}") = "SearchGIS", "SearchGIS\SearchGIS.csproj", "{F545C45E-6923-4824-93AF-92F40DAEDC38}"
EndProject
Project("{9A19103F-16F7-4668-BE54-9A1E7A4F7556}") = "LoadGIS", "LoadGIS\LoadGIS.csproj", "{0CAE1080-D466-40BE-92CC-F2FDC3AA5775}"
EndProject
Project("{FAE04EC0-301F-11D3-BF4B-00C04F79EFBC}") = "TestGIS", "TestGIS\TestGIS.csproj", "{0968BCBB-E163-4C7F-B736-1AD817A11090}"
EndProject
Global
	GlobalSection(SolutionConfigurationPlatforms) = preSolution
		Debug|Any CPU = Debug|Any CPU
		Release|Any CPU = Release|Any CPU
	EndGlobalSection
	GlobalSection(ProjectConfigurationPlatforms) = postSolution
		{E9504741-66D9-4A60-ACFD-BA13BC7F788D}.Debug|Any CPU.ActiveCfg = Debug|Any CPU
		{E9504741-66D9-4A60-ACFD-BA13BC7F788D}.Debug|Any CPU.Build.0 = Debug|Any CPU
		{E9504741-66D9-4A60-ACFD-BA13BC7F788D}.Release|Any CPU.ActiveCfg = Release|Any CPU
		{E9504741-66D9-4A60-ACFD-BA13BC7F788D}.Release|Any CPU.Build.0 = Release|Any CPU
		{CE13D6FF-8838-4140-9E63-3F251865DB9E}.Debug|Any CPU.ActiveCfg = Debug|Any CPU
		{CE13D6FF-8838-4140-9E63-3F251865DB9E}.Debug|Any CPU.Build.0 = Debug|Any CPU
		{CE13D6FF-8838-4140-9E63-3F251865DB9E}.Release|Any CPU.ActiveCfg = Release|Any CPU
		{CE13D6FF-8838-4140-9E63-3F251865DB9E}.Release|Any CPU.Build.0 = Release|Any CPU
		{F545C45E-6923-4824-93AF-92F40DAEDC38}.Debug|Any CPU.ActiveCfg = Debug|Any CPU
		{F545C45E-6923-4824-93AF-92F40DAEDC38}.Debug|Any CPU.Build.0 = Debug|Any CPU
		{F545C45E-6923-4824-93AF-92F40DAEDC38}.Release|Any CPU.ActiveCfg = Release|Any CPU
		{F545C45E-6923-4824-93AF-92F40DAEDC38}.Release|Any CPU.Build.0 = Release|Any CPU
		{0CAE1080-D466-40BE-92CC-F2FDC3AA5775}.Debug|Any CPU.ActiveCfg = Debug|Any CPU
		{0CAE1080-D466-40BE-92CC-F2FDC3AA5775}.Debug|Any CPU.Build.0 = Debug|Any CPU
		{0CAE1080-D466-40BE-92CC-F2FDC3AA5775}.Release|Any CPU.ActiveCfg = Release|Any CPU
		{0CAE1080-D466-40BE-92CC-F2FDC3AA5775}.Release|Any CPU.Build.0 = Release|Any CPU
		{0968BCBB-E163-4C7F-B736-1AD817A11090}.Debug|Any CPU.ActiveCfg = Debug|Any CPU
		{0968BCBB-E163-4C7F-B736-1AD817A11090}.Debug|Any CPU.Build.0 = Debug|Any CPU
		{0968BCBB-E163-4C7F-B736-1AD817A11090}.Release|Any CPU.ActiveCfg = Release|Any CPU
		{0968BCBB-E163-4C7F-B736-1AD817A11090}.Release|Any CPU.Build.0 = Release|Any CPU
	EndGlobalSection
	GlobalSection(SolutionProperties) = preSolution
		HideSolutionNode = FALSE
	EndGlobalSection
	GlobalSection(ExtensibilityGlobals) = postSolution
		SolutionGuid = {43F7DBDB-9A69-4DAE-A744-B60D82C3ABBE}
	EndGlobalSection
EndGlobal
